
Microsoft Visual Studio Solution File, Format Version 12.00
# Visual Studio Version 16
VisualStudioVersion = 16.0.31624.102
MinimumVisualStudioVersion = 10.0.40219.1
Project("{9A19103F-16F7-4668-BE54-9A1E7A4F7556}") = "ApiForEncrypt", "ApiForEncrypt\ApiForEncrypt.csproj", "{F76E16A0-D835-4905-BD16-338D671C1603}"
EndProject
Project("{9A19103F-16F7-4668-BE54-9A1E7A4F7556}") = "Encrypt", "Encrypt\Encrypt\Encrypt\Encrypt.csproj", "{1AFC57C3-03CA-4A93-96EF-714C185A6024}"
EndProject
Global
	GlobalSection(SolutionConfigurationPlatforms) = preSolution
		Debug|Any CPU = Debug|Any CPU
		Release|Any CPU = Release|Any CPU
	EndGlobalSection
	GlobalSection(ProjectConfigurationPlatforms) = postSolution
		{F76E16A0-D835-4905-BD16-338D671C1603}.Debug|Any CPU.ActiveCfg = Debug|Any CPU
		{F76E16A0-D835-4905-BD16-338D671C1603}.Debug|Any CPU.Build.0 = Debug|Any CPU
		{F76E16A0-D835-4905-BD16-338D671C1603}.Release|Any CPU.ActiveCfg = Release|Any CPU
		{F76E16A0-D835-4905-BD16-338D671C1603}.Release|Any CPU.Build.0 = Release|Any CPU
		{1AFC57C3-03CA-4A93-96EF-714C185A6024}.Debug|Any CPU.ActiveCfg = Debug|Any CPU
		{1AFC57C3-03CA-4A93-96EF-714C185A6024}.Debug|Any CPU.Build.0 = Debug|Any CPU
		{1AFC57C3-03CA-4A93-96EF-714C185A6024}.Release|Any CPU.ActiveCfg = Release|Any CPU
		{1AFC57C3-03CA-4A93-96EF-714C185A6024}.Release|Any CPU.Build.0 = Release|Any CPU
	EndGlobalSection
	GlobalSection(SolutionProperties) = preSolution
		HideSolutionNode = FALSE
	EndGlobalSection
	GlobalSection(ExtensibilityGlobals) = postSolution
		SolutionGuid = {1A8CC845-810B-4F71-A4B4-B493565EC3CF}
	EndGlobalSection
EndGlobal
